00d873349b555b95	bc90acb34617f0754a107b5cd6bb7044f00a3c3ab30a44d547bfe3ce47f3eb20	corpus/llm/blog/00d873349b555b95.md
01dbaca4a747109b	a0d6212826983713efee050155a069a3ba510649f85d5d92a3043ed17e981388	corpus/llm/docs/01dbaca4a747109b.md
0424a95a52e0e07b	6bb90b28ce87865810b4398d152a49a4879bb6d292e154a9f559a4b90e5a2b6a	corpus/human/email/0424a95a52e0e07b.md
09e27185b318f9a2	ccf4f05a6eccc6bf00543f40903085173bc36f611e9aac3adb7ff110a456d169	corpus/llm/blog/09e27185b318f9a2.md
0f4cdb87718c1263	ee6a121387d44dcad1add873e850000df56d5005c2e7cb3b4cb3ccf73b34b199	corpus/human/blog/0f4cdb87718c1263.md
10754b56ffec6ae7	03872f122ba9814128ff88c4d4411413586fa6d63c3de464d9c25d47daf09730	corpus/human/blog/10754b56ffec6ae7.md
10e85e157a415f2c	87b18b698dec02e09581b0c059ad99bd3d0543a6e434fafb298eaf25f6905689	corpus/llm/email/10e85e157a415f2c.md
126836dcd01a2227	91f7f66c91155abe0db0baab9b0b3e70de6bb0a3dfee561048d9398476c816d3	corpus/quarantine/forum/126836dcd01a2227.md
1372c5554f5bf54e	463b6fd2a82b116f97e0946d23bb6a9fb50872882917fc208116029afafb9562	corpus/quarantine/forum/1372c5554f5bf54e.md
1a06b2bb91838ea9	8643e635664881674bc72596a1e7802078f0d989af8d4c785e9e3feafee04733	corpus/human/blog/1a06b2bb91838ea9.md
1c29896c721f2915	2db2e6a32a7aa062bcff51db7a8743a8f297a8a5d264b852d5d1ae23927bdf1e	corpus/human/readme/1c29896c721f2915.md
1fedcd88e3cf6845	e9825eb3086962b6a65ccab1ed4adc6f15fafbc4f9567d9f0095a8ae64faddd2	corpus/human/docs/1fedcd88e3cf6845.md
220a1b5ff342a2b9	2d8fba15b3bd8f4fb96a574d567c1fe276118caffe1f53f8975edbf4b32de082	corpus/llm/readme/220a1b5ff342a2b9.md
25e2b7a8ac81722b	8d3b0f4221fea0afddb8b230e85607f07e2feaccf601d6ca1d7f844224017103	corpus/llm/readme/25e2b7a8ac81722b.md
26eb976382045079	c22439ca57a29c959402ae9dc484066d3313f9150c20aabc42a4115efb48b74c	corpus/llm/forum/26eb976382045079.md
28faa38308ed223d	102d876164e70a054f6a80d1439c02f63d40861782f6f8164db3238de9fef1b6	corpus/llm/readme/28faa38308ed223d.md
2cb3b6f4714f2a69	242a99999c373fe34a5b901b4a2666b193d37d82cc0e227f90c23d9cf395af15	corpus/llm/email/2cb3b6f4714f2a69.md
2dc280c51e20800b	007705b14777de10e0a290078e1977f982dda08b12b115ddda06f9764dce7801	corpus/llm/docs/2dc280c51e20800b.md
32ee76c90e6f4041	835f4bb9f85f65efc1890628ba1d82c427765fa0c2cce220813856192f2f885a	corpus/human/docs/32ee76c90e6f4041.md
34fc337e07a5b356	0f50dd9aeddf10dfd9702b94b5c40c366efca54585adaebff07c561b58a17e6c	corpus/llm/readme/34fc337e07a5b356.md
3632af1221e09780	1692c1fb7eed9a41a77e1bdbc555941764e377b4caa578f2fbcc19320ce22e5c	corpus/human/readme/3632af1221e09780.md
37b5e5aeb9bd0a26	a2542269a79812fc46386fc31b8d89ae7d57d16640b075a348bad35c75a04815	corpus/human/readme/37b5e5aeb9bd0a26.md
39530f159ad1ca80	b2b37e5ebe1b71ab7e115c85143d899a74726bd72e7cd86f55487086c004e8a7	corpus/human/blog/39530f159ad1ca80.md
3a6f2b8bf42463d7	5f32f8bc7968137a6cdc45ba29862bcc640bb0acbddfe534fe65e52f288179a6	corpus/human/email/3a6f2b8bf42463d7.md
3aebc5ef15d2d429	3cde30f87ea2fc0ada3e469ec65a1de97b454668d72587015ebdb897dfbd1654	corpus/llm/email/3aebc5ef15d2d429.md
3d956f301f00a119	c9f4319a93badd9dde1f8bd64358e06e6ab82e07eeaff177149b017d61d16eb8	corpus/human/docs/3d956f301f00a119.md
3ebf70a276eaff44	443190116efeadd2f785546a95b18ca23526a742c5eab763382744eeefe6012c	corpus/quarantine/forum/3ebf70a276eaff44.md
3faff9cb0fe37541	23f1007ed0693a10988885d69f950978ec67d188429863310b49c566213eb505	corpus/quarantine/forum/3faff9cb0fe37541.md
45a3bc462585719d	8ba9e19f1862dee23aa9e61fec9af4cdc4edd29f1895a73d06a44b880e0003e6	corpus/human/docs/45a3bc462585719d.md
49e6f9dba8803a0d	6e12a96ac3b89b269defef6e27b386e157aa3f76635ccbb3597f8a75eab42339	corpus/human/docs/49e6f9dba8803a0d.md
4b9d7e8543f339a8	d40f9fb6920ded8d29bc3ab5be502a3c9201c8e5ee42784d90f77bd28c6fe1e4	corpus/llm/readme/4b9d7e8543f339a8.md
4cbf28d33f48c1e9	bd94b083f743e8e8d57ed636eeb5a7b61e72350e27824eebb72448f9595d19cc	corpus/llm/readme/4cbf28d33f48c1e9.md
4fbdcaabf33fd5f9	cf2fabd2c8826d53659df957772e77c20842c42e7aa9bdf80d3a712d0f8ebb94	corpus/human/docs/4fbdcaabf33fd5f9.md
5110f2f900b80cad	71bd27210eb7a3aebeb25de7706b7ca5e85d92a3e9e704f722cde94e234ac822	corpus/quarantine/forum/5110f2f900b80cad.md
521ffe1fe5e5c075	470e53064c387582a6f2153295e80c835456ce1a7cb5a9bbc54a3c0bd852049e	corpus/human/blog/521ffe1fe5e5c075.md
532668751ee55b6f	53076ab1d40dae29128e776d8a8c9b1b7458ab203eeb7fd4f943bf4c2f9965dd	corpus/quarantine/forum/532668751ee55b6f.md
586ad6283eb9d4d6	27847ab76c5635a826e9b2ffb5a145e0fa9033cf96475bbe27fd126ba8fb7e07	corpus/llm/email/586ad6283eb9d4d6.md
58efecf977651fe4	7f542bf36632c3188ac54065c58f569371a5147b92878fa28506fb8c4c9180cf	corpus/llm/forum/58efecf977651fe4.md
5ff9f9154a33a8e7	343e64748a8312cded3a269e7c5940dc0c8fadc59a90fb66a738568f7c04b045	corpus/llm/docs/5ff9f9154a33a8e7.md
656435d6f5db9a64	c09eb5a278815d2de740f2a09d1046215a08b2c1a9c038eeb053d0170fecf66a	corpus/llm/email/656435d6f5db9a64.md
684bc5f43bfbb570	570fc726a47db8e29d2b4a86602859c8151286014a0c75ff48f321bb772cc20c	corpus/llm/forum/684bc5f43bfbb570.md
6973eb2e0b3fe90d	b0217d9a85b56bd87699a4e1f676832eaf59fb9c00c6f8a2dd9218ddde382aaa	corpus/human/readme/6973eb2e0b3fe90d.md
6b996abda4943029	646d47017eeb05ae43a5f4c690f2a3b5af1930639661611b91ec2734f5bc37c4	corpus/human/blog/6b996abda4943029.md
6d497086cd5b963c	2fbd2145a63762654ab4c4fbced66551796fe25793e0dfa3fb7df9f3829536bc	corpus/quarantine/forum/6d497086cd5b963c.md
6fb261c81d5906f6	c493432e1ee6198567916784efc7fe54a2dd647d53a4be957f1afc12c6b161bd	corpus/llm/blog/6fb261c81d5906f6.md
7c5d86196d01aff9	334fd947b275d26fade49dded72e2e0f7125bb1b1a941831e56fa9e0be07c5c8	corpus/human/blog/7c5d86196d01aff9.md
7f4310460577ccb0	46119a5264af43fb297b68deb5b35419e40a208b48df6577fd209d66fc73c124	corpus/human/blog/7f4310460577ccb0.md
7fa3e33a7ed2f940	23747020f726089b7b5782846e28370f47e3cfcb79ffa1cee306737719effb1c	corpus/quarantine/forum/7fa3e33a7ed2f940.md
800aba7f06d9588d	717862af027cca343e0463a512930f9f3a1c1fa40ba00ccd99e6002780b1b5b0	corpus/llm/readme/800aba7f06d9588d.md
80cbf3f0e8636f85	9f0237d7a7723a06c3328d8563e93caf5c5c14958e2e47462b5ef2d0501c25cf	corpus/llm/email/80cbf3f0e8636f85.md
8106e559dc8c7c7f	a40798ebcb618348f13350e12009e15092b680386a2291227214aa08a9e1bef5	corpus/human/email/8106e559dc8c7c7f.md
82c849a224d2e095	9a3572bd4d0b3167b5e0172c87d66f7274d4ed82351f7181cfad8d438197d63c	corpus/llm/email/82c849a224d2e095.md
84790b355c6aafd8	f12eb19b195bf265526a9cc6356a3cf36405185f940d89728ae168842ae6ea6a	corpus/human/docs/84790b355c6aafd8.md
85203e97d62ef9e7	10a8aaf825580424ee750234535fc03f41bad0a1e86da4c1d77be7c193aa2f11	corpus/llm/docs/85203e97d62ef9e7.md
86fe1f672820e64f	fe6f12f40dbaac732b4fb8a72c0559eb572e328b4998f8b0b62174ef2390d594	corpus/human/readme/86fe1f672820e64f.md
892706bc02067bd2	fd0b2c918d59fddf491b42f56ff096cf5bdc4b594a2468c4570b312ff51bb526	corpus/llm/docs/892706bc02067bd2.md
89ad346db919ece9	1af2e07ef597b757cb80ab6bb79094b4bf536d95e216d0a1814df9221f119110	corpus/llm/email/89ad346db919ece9.md
8a4886278c6dee31	b39084060173c986a3a1593e78b91b74d39cc87d0fecaf3a5b951c2ec7a6010b	corpus/human/readme/8a4886278c6dee31.md
8bffe4fe524a01c3	b603b04e665a12fa0d4129d0b90a72e8ad3c6677a1fda2bf1097b048f6d16247	corpus/llm/docs/8bffe4fe524a01c3.md
8c0c3c9d39031f95	aead417787921d206c5820b85bde6911f82de90bd6ebcaceaadbe9f89a2a9a8d	corpus/human/blog/8c0c3c9d39031f95.md
8ccf4abdf5ae6e60	c95f83a13caab038388800275ea3f433571ed960517e3d9fadb2e1b8e9a4b144	corpus/human/email/8ccf4abdf5ae6e60.md
8deeebc4a8937d8d	3436ee153cc06a01696d2ed3d8a6497362321714df7cd2b5cb6a2b00de07e831	corpus/human/blog/8deeebc4a8937d8d.md
8eea37506a178647	33d17c70f8fb02ff9b7836d6e921f2f7454de55c2e67204f8cb647b2e3265d3e	corpus/llm/blog/8eea37506a178647.md
8f4edc589f4a76c1	fe80e1346d5fb56f4bd4c7195aafcf8de15603646eceb28d6b4117ae9dc8a74f	corpus/human/blog/8f4edc589f4a76c1.md
8fbdd9ebffb1a32d	b2ab2f6d906dd570134dae01aef9b5107c5cdd1a2b245f4f0ad27fd8faa1809e	corpus/quarantine/forum/8fbdd9ebffb1a32d.md
9112f602390ccdb2	044105897cc55a9340055dfd21989cfc0f9bb41eefdbce9f122bf79b70a9b8ef	corpus/llm/email/9112f602390ccdb2.md
91948b40b1ec375e	5559c391694857ea7d2364c87582a12aab3e20c1a931a3bbcd309271ea5e0ef0	corpus/human/docs/91948b40b1ec375e.md
968fb40e063ba600	008226bcd0ce5f8f805b410ca8546b0f49f8ff3d70a26225d7209015056b60ce	corpus/human/readme/968fb40e063ba600.md
97fea261c73cd40c	0ce066f4fc4b54e1b6afd85b3ba0c03c2fa61286fa95c3137c0c53d68ce8286e	corpus/quarantine/email/97fea261c73cd40c.md
9a051567b4a67475	5042fb80d6f415ffa9663ddbf67832a554897309241be951ccf0b86744ef8341	corpus/llm/blog/9a051567b4a67475.md
9a197468b3d0f627	2a14141f782b218318aab19a68dbb2bf0862923e72a7c571c76807f1874c32d5	corpus/human/blog/9a197468b3d0f627.md
9c073c6d2982b9c8	0fdc2259b702edbb2fbf5f718fd6a12560ab236fa8697f826929546b1c661adf	corpus/quarantine/forum/9c073c6d2982b9c8.md
9c9b5bd3f74b4077	f17e9c242f176e9c82e87acdf4e9152e9dba8ccdbe57d4a947d27ab6abf7f7e4	corpus/quarantine/forum/9c9b5bd3f74b4077.md
a3f5d6b9a0c1dd9d	1fa5bb5e99d70450790cbfdf21515891087755ecf64aa5ca1183a67a4eac7e6d	corpus/llm/readme/a3f5d6b9a0c1dd9d.md
abe2f9cfac3658f3	698d4248960b0a2691621cb3680986c1f964bb3c472c524a90edac7e51a3e999	corpus/llm/blog/abe2f9cfac3658f3.md
b099b3e857ce7b15	2a600d83eaa8cb11e4817edf584bf77cdd6b250c000abc0412b6721a8acd3f89	corpus/llm/docs/b099b3e857ce7b15.md
b21b5148c798a38f	d0f75f3d6bf17799a88214538b96dc427b06a41537fa4be4e95cc21f6fb00dec	corpus/llm/blog/b21b5148c798a38f.md
b6086e396e015730	72b89c881beee277838814eb2984f411eac50b06f53b56f07c65b9dace601312	corpus/llm/blog/b6086e396e015730.md
b6d3866668ae3842	344fc244d146d11728b96dc8874904b48a9ffa6c52f140169ca5e012c117f39c	corpus/llm/readme/b6d3866668ae3842.md
b77c979ddbbc559e	ee3515ef11342de436052782543041876d54d580fb32063daccbfe90232e2d6a	corpus/human/readme/b77c979ddbbc559e.md
bf3c79ee0a395199	17f09453fc016f2c455199ee570134777060b68382f11e8858ac81f87e35824a	corpus/quarantine/email/bf3c79ee0a395199.md
bf7473bfdb2650fb	9c214ecc1bdcd257e9e822c7166143a26035995fd3968e7f3d890f4cb2a01955	corpus/llm/forum/bf7473bfdb2650fb.md
c0ab2cbed080c146	0a0ba919b7883eb4fc01a81c6ac83a61dc9aafd12b0e4cfdeaf423effb8eeffb	corpus/human/blog/c0ab2cbed080c146.md
c56d29cb7bd72e7e	db5d424a3d08a4bb59682bdc24df3043d86550d9806c73adfa818da51cb7699a	corpus/human/docs/c56d29cb7bd72e7e.md
c62910cd4ad2d9c3	26fe50aa728088cdfb17ff33b85f7704dd37db3dc50aad0ae022783aff8a1ab0	corpus/human/blog/c62910cd4ad2d9c3.md
c86e26687dd023b4	ccc9aa3fc678f873d98b8f530c0525986a477d588884e30108e8d903cd1ff5e2	corpus/llm/docs/c86e26687dd023b4.md
c91db7b1e65c0d16	ec4892de42cd529883474f290598c3b52741238b3c82053ae256453b50612de0	corpus/human/readme/c91db7b1e65c0d16.md
c95f5c3be403f52e	2c93220841b2b22949cda35a45461c381d9e4515e6ff31ca86f0e61ae918f1f1	corpus/llm/forum/c95f5c3be403f52e.md
ce84b8a2fb17598a	d271c21af89ac4732276c756decaebaac472fae238386864a50a2c76ff8857de	corpus/human/readme/ce84b8a2fb17598a.md
cf697478508fe1e2	275692dd8f49b3680cf4e38fd4765e2f0402eaf9d226674a3c820ce569b30f18	corpus/human/blog/cf697478508fe1e2.md
d0547a3e7982f73f	55b32071cbefe48ba5bce6eb51529cfd5cc041f0f6ea822643faf800a49eb1a6	corpus/quarantine/email/d0547a3e7982f73f.md
d8921f1bceca8513	a9c32d41e5f4a4ba710daf4f26a2fab022f45a7c54b99a7768eba26f01ffca7f	corpus/llm/email/d8921f1bceca8513.md
dbf5eba3b5f515a4	9a109e56e7b8e99c584893ba5519bde49262c6ab45cbe589e48e0b7456f9f4b0	corpus/llm/blog/dbf5eba3b5f515a4.md
dd2a38af2bf67fff	f09d73ebd756775ece399dc0126cf4adc49a809e44a14e583185b3393641d3d2	corpus/llm/forum/dd2a38af2bf67fff.md
de0be41f94a57c7c	b1c4fb04cac1008ffc7d97ac95135250771f7885e0f591d7a6870b14ad9805e0	corpus/human/docs/de0be41f94a57c7c.md
df1ed055aefc7822	352f120af28d08ca595fcd4480e970e9479ab89451d083bec6743c670aab9e25	corpus/human/docs/df1ed055aefc7822.md
e49dd33914f4bc05	4cf519e5dd36bf246b2cb78efc8a92a8bb50a6e030f0a6f0c8db5944f30158b9	corpus/llm/forum/e49dd33914f4bc05.md
e4e3f003550ed981	05cb7dbcd850451d686bdc7e2b071cbf784e1340c2bedf72ee8748dd27a99620	corpus/llm/readme/e4e3f003550ed981.md
e5d4e7ed0cb917a9	0219c4839c354c378bb9a93cb26cd7f613fc3a14c11361bf8a882e98102af746	corpus/human/docs/e5d4e7ed0cb917a9.md
e68ba6509dd2d5d7	39b2fc9b2d4253a11c37a0c32352063583fb4b91f247f8c0ec31918d8e68bef5	corpus/human/docs/e68ba6509dd2d5d7.md
e6c91fba01193326	3389d4884e030291551dd63a7d9f9d49f0ec23d7a3055086b313b824ce5c34b7	corpus/llm/docs/e6c91fba01193326.md
ecbdf8d8a5b5625b	0f802a5170d6f72d4363383a7ac786a5c8fe2145a151a9c1da807d4442159b67	corpus/human/readme/ecbdf8d8a5b5625b.md
f081cfcefae3667c	db8310efec966504bb316e6d62a6792f3705e85a370fb283b29b66d1f35c25ca	corpus/llm/blog/f081cfcefae3667c.md
f7837400c409a01e	c92bd409205df6e488101fd851d7ec6ae77fb62da9bc88f627c436d87d28f9a1	corpus/llm/docs/f7837400c409a01e.md
f8057ae64a0e214c	a14824d0ad369a7f31ef37047fd70b26145617b41ee6642199deccb53f6fe9aa	corpus/llm/forum/f8057ae64a0e214c.md
f92c6aeae381ccb8	873b2a062239f0473520bb36ea72270940a6285ac199ef2c130ec3ef53a7362c	corpus/llm/forum/f92c6aeae381ccb8.md
f9406aa020633d19	7dd2d0bc8d6b036e36031b04a07cf43dedd6569010a6e5f9576108c17dac8810	corpus/human/readme/f9406aa020633d19.md
fa2ccf7df0874d9d	89b628442b160faad58aa125f192232af16d6c7343993149c3d58a89a354682d	corpus/quarantine/forum/fa2ccf7df0874d9d.md
fc4c27358b3ff788	cbb8c91778524fba6acf93ca9731dc74b2af7679adc2b409c961e2b79db48a77	corpus/human/readme/fc4c27358b3ff788.md
fee71d4cfef964f5	7ff1a6ac695bbba5d2d14d271a4767aaf6906c2b502c105980273c99684373d7	corpus/llm/forum/fee71d4cfef964f5.md
